// !$*UTF8*$!
{
	archiveVersion = 1;
	classes = {
	};
	objectVersion = 50;
	objects = {

/* Begin PBXBuildFile section */
		CE492665258CA1CF0003653B /* AppDelegate.swift in Sources */ = {isa = PBXBuildFile; fileRef = CE492664258CA1CF0003653B /* AppDelegate.swift */; };
		CE492667258CA1CF0003653B /* SceneDelegate.swift in Sources */ = {isa = PBXBuildFile; fileRef = CE492666258CA1CF0003653B /* SceneDelegate.swift */; };
		CE492669258CA1CF0003653B /* ViewController.swift in Sources */ = {isa = PBXBuildFile; fileRef = CE492668258CA1CF0003653B /* ViewController.swift */; };
		CE49266C258CA1CF0003653B /* Main.storyboard in Resources */ = {isa = PBXBuildFile; fileRef = CE49266A258CA1CF0003653B /* Main.storyboard */; };
		CE49266E258CA1D10003653B /* Assets.xcassets in Resources */ = {isa = PBXBuildFile; fileRef = CE49266D258CA1D10003653B /* Assets.xcassets */; };
		CE492671258CA1D10003653B /* LaunchScreen.storyboard in Resources */ = {isa = PBXBuildFile; fileRef = CE49266F258CA1D10003653B /* LaunchScreen.storyboard */; };
		CE49267A2590BB410003653B /* MyButton.swift in Sources */ = {isa = PBXBuildFile; fileRef = CE4926792590BB410003653B /* MyButton.swift */; };
		CE49267D2590CD550003653B /* GameViewController.swift in Sources */ = {isa = PBXBuildFile; fileRef = CE49267C2590CD550003653B /* GameViewController.swift */; };
		CE4926842591D5B60003653B /* ResaultTableTableViewController.swift in Sources */ = {isa = PBXBuildFile; fileRef = CE4926832591D5B60003653B /* ResaultTableTableViewController.swift */; };
		CE4926872591D94C0003653B /* ResultTableViewCell.swift in Sources */ = {isa = PBXBuildFile; fileRef = CE4926862591D94C0003653B /* ResultTableViewCell.swift */; };
		CE49268A2591DC5B0003653B /* ChangeCarCollectionViewController.swift in Sources */ = {isa = PBXBuildFile; fileRef = CE4926892591DC5B0003653B /* ChangeCarCollectionViewController.swift */; };
		CE49268D2591DD570003653B /* ChangeCarCollectionViewCell.swift in Sources */ = {isa = PBXBuildFile; fileRef = CE49268C2591DD570003653B /* ChangeCarCollectionViewCell.swift */; };
/* End PBXBuildFile section */

/* Begin PBXFileReference section */
		CE492661258CA1CF0003653B /* PanRacing.app */ = {isa = PBXFileReference; explicitFileType = wrapper.application; includeInIndex = 0; path = PanRacing.app; sourceTree = BUILT_PRODUCTS_DIR; };
		CE492664258CA1CF0003653B /* AppDelegate.swift */ = {isa = PBXFileReference; lastKnownFileType = sourcecode.swift; path = AppDelegate.swift; sourceTree = "<group>"; };
		CE492666258CA1CF0003653B /* SceneDelegate.swift */ = {isa = PBXFileReference; lastKnownFileType = sourcecode.swift; path = SceneDelegate.swift; sourceTree = "<group>"; };
		CE492668258CA1CF0003653B /* ViewController.swift */ = {isa = PBXFileReference; lastKnownFileType = sourcecode.swift; path = ViewController.swift; sourceTree = "<group>"; };
		CE49266B258CA1CF0003653B /* Base */ = {isa = PBXFileReference; lastKnownFileType = file.storyboard; name = Base; path = Base.lproj/Main.storyboard; sourceTree = "<group>"; };
		CE49266D258CA1D10003653B /* Assets.xcassets */ = {isa = PBXFileReference; lastKnownFileType = folder.assetcatalog; path = Assets.xcassets; sourceTree = "<group>"; };
		CE492670258CA1D10003653B /* Base */ = {isa = PBXFileReference; lastKnownFileType = file.storyboard; name = Base; path = Base.lproj/LaunchScreen.storyboard; sourceTree = "<group>"; };
		CE492672258CA1D10003653B /* Info.plist */ = {isa = PBXFileReference; lastKnownFileType = text.plist.xml; path = Info.plist; sourceTree = "<group>"; };
		CE4926792590BB410003653B /* MyButton.swift */ = {isa = PBXFileReference; lastKnownFileType = sourcecode.swift; path = MyButton.swift; sourceTree = "<group>"; };
		CE49267C2590CD550003653B /* GameViewController.swift */ = {isa = PBXFileReference; lastKnownFileType = sourcecode.swift; path = GameViewController.swift; sourceTree = "<group>"; };
		CE4926832591D5B60003653B /* ResaultTableTableViewController.swift */ = {isa = PBXFileReference; lastKnownFileType = sourcecode.swift; path = ResaultTableTableViewController.swift; sourceTree = "<group>"; };
		CE4926862591D94C0003653B /* ResultTableViewCell.swift */ = {isa = PBXFileReference; lastKnownFileType = sourcecode.swift; path = ResultTableViewCell.swift; sourceTree = "<group>"; };
		CE4926892591DC5B0003653B /* ChangeCarCollectionViewController.swift */ = {isa = PBXFileReference; lastKnownFileType = sourcecode.swift; path = ChangeCarCollectionViewController.swift; sourceTree = "<group>"; };
		CE49268C2591DD570003653B /* ChangeCarCollectionViewCell.swift */ = {isa = PBXFileReference; lastKnownFileType = sourcecode.swift; path = ChangeCarCollectionViewCell.swift; sourceTree = "<group>"; };
/* End PBXFileReference section */

/* Begin PBXFrameworksBuildPhase section */
		CE49265E258CA1CF0003653B /* Frameworks */ = {
			isa = PBXFrameworksBuildPhase;
			buildActionMask = 2147483647;
			files = (
			);
			runOnlyForDeploymentPostprocessing = 0;
		};
/* End PBXFrameworksBuildPhase section */

/* Begin PBXGroup section */
		CE492658258CA1CF0003653B = {
			isa = PBXGroup;
			children = (
				CE492663258CA1CF0003653B /* PanRacing */,
				CE492662258CA1CF0003653B /* Products */,
			);
			sourceTree = "<group>";
		};
		CE492662258CA1CF0003653B /* Products */ = {
			isa = PBXGroup;
			children = (
				CE492661258CA1CF0003653B /* PanRacing.app */,
			);
			name = Products;
			sourceTree = "<group>";
		};
		CE492663258CA1CF0003653B /* PanRacing */ = {
			isa = PBXGroup;
			children = (
				CE492664258CA1CF0003653B /* AppDelegate.swift */,
				CE492666258CA1CF0003653B /* SceneDelegate.swift */,
				CE492668258CA1CF0003653B /* ViewController.swift */,
				CE49266A258CA1CF0003653B /* Main.storyboard */,
				CE49268C2591DD570003653B /* ChangeCarCollectionViewCell.swift */,
				CE4926892591DC5B0003653B /* ChangeCarCollectionViewController.swift */,
				CE4926832591D5B60003653B /* ResaultTableTableViewController.swift */,
				CE4926862591D94C0003653B /* ResultTableViewCell.swift */,
				CE49267C2590CD550003653B /* GameViewController.swift */,
				CE4926792590BB410003653B /* MyButton.swift */,
				CE49266D258CA1D10003653B /* Assets.xcassets */,
				CE49266F258CA1D10003653B /* LaunchScreen.storyboard */,
				CE492672258CA1D10003653B /* Info.plist */,
			);
			path = PanRacing;
			sourceTree = "<group>";
		};
/* End PBXGroup section */

/* Begin PBXNativeTarget section */
		CE492660258CA1CF0003653B /* PanRacing */ = {
			isa = PBXNativeTarget;
			buildConfigurationList = CE492675258CA1D10003653B /* Build configuration list for PBXNativeTarget "PanRacing" */;
			buildPhases = (
				CE49265D258CA1CF0003653B /* Sources */,
				CE49265E258CA1CF0003653B /* Frameworks */,
				CE49265F258CA1CF0003653B /* Resources */,
			);
			buildRules = (
			);
			dependencies = (
			);
			name = PanRacing;
			productName = PanRacing;
			productReference = CE492661258CA1CF0003653B /* PanRacing.app */;
			productType = "com.apple.product-type.application";
		};
/* End PBXNativeTarget section */

/* Begin PBXProject section */
		CE492659258CA1CF0003653B /* Project object */ = {
			isa = PBXProject;
			attributes = {
				LastSwiftUpdateCheck = 1210;
				LastUpgradeCheck = 1210;
				TargetAttributes = {
					CE492660258CA1CF0003653B = {
						CreatedOnToolsVersion = 12.1;
					};
				};
			};
			buildConfigurationList = CE49265C258CA1CF0003653B /* Build configuration list for PBXProject "PanRacing" */;
			compatibilityVersion = "Xcode 9.3";
			developmentRegion = en;
			hasScannedForEncodings = 0;
			knownRegions = (
				en,
				Base,
			);
			mainGroup = CE492658258CA1CF0003653B;
			productRefGroup = CE492662258CA1CF0003653B /* Products */;
			projectDirPath = "";
			projectRoot = "";
			targets = (
				CE492660258CA1CF0003653B /* PanRacing */,
			);
		};
/* End PBXProject section */

/* Begin PBXResourcesBuildPhase section */
		CE49265F258CA1CF0003653B /* Resources */ = {
			isa = PBXResourcesBuildPhase;
			buildActionMask = 2147483647;
			files = (
				CE492671258CA1D10003653B /* LaunchScreen.storyboard in Resources */,
				CE49266E258CA1D10003653B /* Assets.xcassets in Resources */,
				CE49266C258CA1CF0003653B /* Main.storyboard in Resources */,
			);
			runOnlyForDeploymentPostprocessing = 0;
		};
/* End PBXResourcesBuildPhase section */

/* Begin PBXSourcesBuildPhase section */
		CE49265D258CA1CF0003653B /* Sources */ = {
			isa = PBXSourcesBuildPhase;
			buildActionMask = 2147483647;
			files = (
				CE49267D2590CD550003653B /* GameViewController.swift in Sources */,
				CE49268A2591DC5B0003653B /* ChangeCarCollectionViewController.swift in Sources */,
				CE492669258CA1CF0003653B /* ViewController.swift in Sources */,
				CE4926872591D94C0003653B /* ResultTableViewCell.swift in Sources */,
				CE492665258CA1CF0003653B /* AppDelegate.swift in Sources */,
				CE4926842591D5B60003653B /* ResaultTableTableViewController.swift in Sources */,
				CE492667258CA1CF0003653B /* SceneDelegate.swift in Sources */,
				CE49267A2590BB410003653B /* MyButton.swift in Sources */,
				CE49268D2591DD570003653B /* ChangeCarCollectionViewCell.swift in Sources */,
			);
			runOnlyForDeploymentPostprocessing = 0;
		};
/* End PBXSourcesBuildPhase section */

/* Begin PBXVariantGroup section */
		CE49266A258CA1CF0003653B /* Main.storyboard */ = {
			isa = PBXVariantGroup;
			children = (
				CE49266B258CA1CF0003653B /* Base */,
			);
			name = Main.storyboard;
			sourceTree = "<group>";
		};
		CE49266F258CA1D10003653B /* LaunchScreen.storyboard */ = {
			isa = PBXVariantGroup;
			children = (
				CE492670258CA1D10003653B /* Base */,
			);
			name = LaunchScreen.storyboard;
			sourceTree = "<group>";
		};
/* End PBXVariantGroup section */

/* Begin XCBuildConfiguration section */
		CE492673258CA1D10003653B /* Debug */ = {
			isa = XCBuildConfiguration;
			buildSettings = {
				ALWAYS_SEARCH_USER_PATHS = NO;
				CLANG_ANALYZER_NONNULL = YES;
				CLANG_ANALYZER_NUMBER_OBJECT_CONVERSION = YES_AGGRESSIVE;
				CLANG_CXX_LANGUAGE_STANDARD = "gnu++14";
				CLANG_CXX_LIBRARY = "libc++";
				CLANG_ENABLE_MODULES = YES;
				CLANG_ENABLE_OBJC_ARC = YES;
				CLANG_ENABLE_OBJC_WEAK = YES;
				CLANG_WARN_BLOCK_CAPTURE_AUTORELEASING = YES;
				CLANG_WARN_BOOL_CONVERSION = YES;
				CLANG_WARN_COMMA = YES;
				CLANG_WARN_CONSTANT_CONVERSION = YES;
				CLANG_WARN_DEPRECATED_OBJC_IMPLEMENTATIONS = YES;
				CLANG_WARN_DIRECT_OBJC_ISA_USAGE = YES_ERROR;
				CLANG_WARN_DOCUMENTATION_COMMENTS = YES;
				CLANG_WARN_EMPTY_BODY = YES;
				CLANG_WARN_ENUM_CONVERSION = YES;
				CLANG_WARN_INFINITE_RECURSION = YES;
				CLANG_WARN_INT_CONVERSION = YES;
				CLANG_WARN_NON_LITERAL_NULL_CONVERSION = YES;
				CLANG_WARN_OBJC_IMPLICIT_RETAIN_SELF = YES;
				CLANG_WARN_OBJC_LITERAL_CONVERSION = YES;
				CLANG_WARN_OBJC_ROOT_CLASS = YES_ERROR;
				CLANG_WARN_QUOTED_INCLUDE_IN_FRAMEWORK_HEADER = YES;
				CLANG_WARN_RANGE_LOOP_ANALYSIS = YES;
				CLANG_WARN_STRICT_PROTOTYPES = YES;
				CLANG_WARN_SUSPICIOUS_MOVE = YES;
				CLANG_WARN_UNGUARDED_AVAILABILITY = YES_AGGRESSIVE;
				CLANG_WARN_UNREACHABLE_CODE = YES;
				CLANG_WARN__DUPLICATE_METHOD_MATCH = YES;
				COPY_PHASE_STRIP = NO;
				DEBUG_INFORMATION_FORMAT = dwarf;
				ENABLE_STRICT_OBJC_MSGSEND = YES;
				ENABLE_TESTABILITY = YES;
				GCC_C_LANGUAGE_STANDARD = gnu11;
				GCC_DYNAMIC_NO_PIC = NO;
				GCC_NO_COMMON_BLOCKS = YES;
				GCC_OPTIMIZATION_LEVEL = 0;
				GCC_PREPROCESSOR_DEFINITIONS = (
					"DEBUG=1",
					"$(inherited)",
				);
				GCC_WARN_64_TO_32_BIT_CONVERSION = YES;
				GCC_WARN_ABOUT_RETURN_TYPE = YES_ERROR;
				GCC_WARN_UNDECLARED_SELECTOR = YES;
				GCC_WARN_UNINITIALIZED_AUTOS = YES_AGGRESSIVE;
				GCC_WARN_UNUSED_FUNCTION = YES;
				GCC_WARN_UNUSED_VARIABLE = YES;
				IPHONEOS_DEPLOYMENT_TARGET = 14.1;
				MTL_ENABLE_DEBUG_INFO = INCLUDE_SOURCE;
				MTL_FAST_MATH = YES;
				ONLY_ACTIVE_ARCH = YES;
				SDKROOT = iphoneos;
				SWIFT_ACTIVE_COMPILATION_CONDITIONS = DEBUG;
				SWIFT_OPTIMIZATION_LEVEL = "-Onone";
			};
			name = Debug;
		};
		CE492674258CA1D10003653B /* Release */ = {
			isa = XCBuildConfiguration;
			buildSettings = {
				ALWAYS_SEARCH_USER_PATHS = NO;
				CLANG_ANALYZER_NONNULL = YES;
				CLANG_ANALYZER_NUMBER_OBJECT_CONVERSION = YES_AGGRESSIVE;
				CLANG_CXX_LANGUAGE_STANDARD = "gnu++14";
				CLANG_CXX_LIBRARY = "libc++";
				CLANG_ENABLE_MODULES = YES;
				CLANG_ENABLE_OBJC_ARC = YES;
				CLANG_ENABLE_OBJC_WEAK = YES;
				CLANG_WARN_BLOCK_CAPTURE_AUTORELEASING = YES;
				CLANG_WARN_BOOL_CONVERSION = YES;
				CLANG_WARN_COMMA = YES;
				CLANG_WARN_CONSTANT_CONVERSION = YES;
				CLANG_WARN_DEPRECATED_OBJC_IMPLEMENTATIONS = YES;
				CLANG_WARN_DIRECT_OBJC_ISA_USAGE = YES_ERROR;
				CLANG_WARN_DOCUMENTATION_COMMENTS = YES;
				CLANG_WARN_EMPTY_BODY = YES;
				CLANG_WARN_ENUM_CONVERSION = YES;
				CLANG_WARN_INFINITE_RECURSION = YES;
				CLANG_WARN_INT_CONVERSION = YES;
				CLANG_WARN_NON_LITERAL_NULL_CONVERSION = YES;
				CLANG_WARN_OBJC_IMPLICIT_RETAIN_SELF = YES;
				CLANG_WARN_OBJC_LITERAL_CONVERSION = YES;
				CLANG_WARN_OBJC_ROOT_CLASS = YES_ERROR;
				CLANG_WARN_QUOTED_INCLUDE_IN_FRAMEWORK_HEADER = YES;
				CLANG_WARN_RANGE_LOOP_ANALYSIS = YES;
				CLANG_WARN_STRICT_PROTOTYPES = YES;
				CLANG_WARN_SUSPICIOUS_MOVE = YES;
				CLANG_WARN_UNGUARDED_AVAILABILITY = YES_AGGRESSIVE;
				CLANG_WARN_UNREACHABLE_CODE = YES;
				CLANG_WARN__DUPLICATE_METHOD_MATCH = YES;
				COPY_PHASE_STRIP = NO;
				DEBUG_INFORMATION_FORMAT = "dwarf-with-dsym";
				ENABLE_NS_ASSERTIONS = NO;
				ENABLE_STRICT_OBJC_MSGSEND = YES;
				GCC_C_LANGUAGE_STANDARD = gnu11;
				GCC_NO_COMMON_BLOCKS = YES;
				GCC_WARN_64_TO_32_BIT_CONVERSION = YES;
				GCC_WARN_ABOUT_RETURN_TYPE = YES_ERROR;
				GCC_WARN_UNDECLARED_SELECTOR = YES;
				GCC_WARN_UNINITIALIZED_AUTOS = YES_AGGRESSIVE;
				GCC_WARN_UNUSED_FUNCTION = YES;
				GCC_WARN_UNUSED_VARIABLE = YES;
				IPHONEOS_DEPLOYMENT_TARGET = 14.1;
				MTL_ENABLE_DEBUG_INFO = NO;
				MTL_FAST_MATH = YES;
				SDKROOT = iphoneos;
				SWIFT_COMPILATION_MODE = wholemodule;
				SWIFT_OPTIMIZATION_LEVEL = "-O";
				VALIDATE_PRODUCT = YES;
			};
			name = Release;
		};
		CE492676258CA1D10003653B /* Debug */ = {
			isa = XCBuildConfiguration;
			buildSettings = {
				ASSETCATALOG_COMPILER_APPICON_NAME = AppIcon;
				ASSETCATALOG_COMPILER_GLOBAL_ACCENT_COLOR_NAME = AccentColor;
				CODE_SIGN_STYLE = Automatic;
				INFOPLIST_FILE = PanRacing/Info.plist;
				LD_RUNPATH_SEARCH_PATHS = (
					"$(inherited)",
					"@executable_path/Frameworks",
				);
				PRODUCT_BUNDLE_IDENTIFIER = Rabota2.PanRacing;
				PRODUCT_NAME = "$(TARGET_NAME)";
				SWIFT_VERSION = 5.0;
				TARGETED_DEVICE_FAMILY = "1,2";
			};
			name = Debug;
		};
		CE492677258CA1D10003653B /* Release */ = {
			isa = XCBuildConfiguration;
			buildSettings = {
				ASSETCATALOG_COMPILER_APPICON_NAME = AppIcon;
				ASSETCATALOG_COMPILER_GLOBAL_ACCENT_COLOR_NAME = AccentColor;
				CODE_SIGN_STYLE = Automatic;
				INFOPLIST_FILE = PanRacing/Info.plist;
				LD_RUNPATH_SEARCH_PATHS = (
					"$(inherited)",
					"@executable_path/Frameworks",
				);
				PRODUCT_BUNDLE_IDENTIFIER = Rabota2.PanRacing;
				PRODUCT_NAME = "$(TARGET_NAME)";
				SWIFT_VERSION = 5.0;
				TARGETED_DEVICE_FAMILY = "1,2";
			};
			name = Release;
		};
/* End XCBuildConfiguration section */

/* Begin XCConfigurationList section */
		CE49265C258CA1CF0003653B /* Build configuration list for PBXProject "PanRacing" */ = {
			isa = XCConfigurationList;
			buildConfigurations = (
				CE492673258CA1D10003653B /* Debug */,
				CE492674258CA1D10003653B /* Release */,
			);
			defaultConfigurationIsVisible = 0;
			defaultConfigurationName = Release;
		};
		CE492675258CA1D10003653B /* Build configuration list for PBXNativeTarget "PanRacing" */ = {
			isa = XCConfigurationList;
			buildConfigurations = (
				CE492676258CA1D10003653B /* Debug */,
				CE492677258CA1D10003653B /* Release */,
			);
			defaultConfigurationIsVisible = 0;
			defaultConfigurationName = Release;
		};
/* End XCConfigurationList section */
	};
	rootObject = CE492659258CA1CF0003653B /* Project object */;
}
